
Microsoft Visual Studio Solution File, Format Version 12.00
# Visual Studio 15
VisualStudioVersion = 15.0.27428.2037
MinimumVisualStudioVersion = 10.0.40219.1
Project("{FAE04EC0-301F-11D3-BF4B-00C04F79EFBC}") = "Web", "Web\Web.csproj", "{FFB0BA5E-DC6D-489E-A48E-4C61FC2DCF99}"
EndProject
Project("{FAE04EC0-301F-11D3-BF4B-00C04F79EFBC}") = "Data", "Data\Data.csproj", "{DF728E20-2037-4A26-9F4E-0382BBEF4143}"
EndProject
Project("{FAE04EC0-301F-11D3-BF4B-00C04F79EFBC}") = "Logic", "Logic\Logic.csproj", "{1A070D25-C58B-4F6B-B622-2F61F51D2C49}"
EndProject
Project("{FAE04EC0-301F-11D3-BF4B-00C04F79EFBC}") = "Model", "Model\Model.csproj", "{83D81A30-A258-49CB-86D7-2B1D007EBFEB}"
EndProject
Project("{FAE04EC0-301F-11D3-BF4B-00C04F79EFBC}") = "Common", "Common\Common.csproj", "{6A8C8632-6E3A-40B3-BCBD-7835E3E915E1}"
EndProject
Global
	GlobalSection(SolutionConfigurationPlatforms) = preSolution
		Debug|Any CPU = Debug|Any CPU
		Release|Any CPU = Release|Any CPU
	EndGlobalSection
	GlobalSection(ProjectConfigurationPlatforms) = postSolution
		{FFB0BA5E-DC6D-489E-A48E-4C61FC2DCF99}.Debug|Any CPU.ActiveCfg = Debug|Any CPU
		{FFB0BA5E-DC6D-489E-A48E-4C61FC2DCF99}.Debug|Any CPU.Build.0 = Debug|Any CPU
		{FFB0BA5E-DC6D-489E-A48E-4C61FC2DCF99}.Release|Any CPU.ActiveCfg = Release|Any CPU
		{FFB0BA5E-DC6D-489E-A48E-4C61FC2DCF99}.Release|Any CPU.Build.0 = Release|Any CPU
		{DF728E20-2037-4A26-9F4E-0382BBEF4143}.Debug|Any CPU.ActiveCfg = Debug|Any CPU
		{DF728E20-2037-4A26-9F4E-0382BBEF4143}.Debug|Any CPU.Build.0 = Debug|Any CPU
		{DF728E20-2037-4A26-9F4E-0382BBEF4143}.Release|Any CPU.ActiveCfg = Release|Any CPU
		{DF728E20-2037-4A26-9F4E-0382BBEF4143}.Release|Any CPU.Build.0 = Release|Any CPU
		{1A070D25-C58B-4F6B-B622-2F61F51D2C49}.Debug|Any CPU.ActiveCfg = Debug|Any CPU
		{1A070D25-C58B-4F6B-B622-2F61F51D2C49}.Debug|Any CPU.Build.0 = Debug|Any CPU
		{1A070D25-C58B-4F6B-B622-2F61F51D2C49}.Release|Any CPU.ActiveCfg = Release|Any CPU
		{1A070D25-C58B-4F6B-B622-2F61F51D2C49}.Release|Any CPU.Build.0 = Release|Any CPU
		{83D81A30-A258-49CB-86D7-2B1D007EBFEB}.Debug|Any CPU.ActiveCfg = Debug|Any CPU
		{83D81A30-A258-49CB-86D7-2B1D007EBFEB}.Debug|Any CPU.Build.0 = Debug|Any CPU
		{83D81A30-A258-49CB-86D7-2B1D007EBFEB}.Release|Any CPU.ActiveCfg = Release|Any CPU
		{83D81A30-A258-49CB-86D7-2B1D007EBFEB}.Release|Any CPU.Build.0 = Release|Any CPU
		{6A8C8632-6E3A-40B3-BCBD-7835E3E915E1}.Debug|Any CPU.ActiveCfg = Debug|Any CPU
		{6A8C8632-6E3A-40B3-BCBD-7835E3E915E1}.Debug|Any CPU.Build.0 = Debug|Any CPU
		{6A8C8632-6E3A-40B3-BCBD-7835E3E915E1}.Release|Any CPU.ActiveCfg = Release|Any CPU
		{6A8C8632-6E3A-40B3-BCBD-7835E3E915E1}.Release|Any CPU.Build.0 = Release|Any CPU
	EndGlobalSection
	GlobalSection(SolutionProperties) = preSolution
		HideSolutionNode = FALSE
	EndGlobalSection
	GlobalSection(ExtensibilityGlobals) = postSolution
		SolutionGuid = {9E03101B-47D4-4B26-A3AE-CEF849BB8E66}
	EndGlobalSection
EndGlobal
